// !$*UTF8*$!
{
	archiveVersion = 1;
	classes = {
	};
	objectVersion = 77;
	objects = {

/* Begin PBXBuildFile section */
		5B21F9122E5C5EFC00CA2175 /* FirebaseAnalytics in Frameworks */ = {isa = PBXBuildFile; productRef = 5B21F9112E5C5EFC00CA2175 /* FirebaseAnalytics */; };
		5B21F9142E5C5EFC00CA2175 /* FirebaseAuth in Frameworks */ = {isa = PBXBuildFile; productRef = 5B21F9132E5C5EFC00CA2175 /* FirebaseAuth */; };
		5B21F9162E5C5EFC00CA2175 /* FirebaseFirestore in Frameworks */ = {isa = PBXBuildFile; productRef = 5B21F9152E5C5EFC00CA2175 /* FirebaseFirestore */; };
		5B21F9412E5F0A0E00CA2175 /* FirebaseStorage in Frameworks */ = {isa = PBXBuildFile; productRef = 5B21F9402E5F0A0E00CA2175 /* FirebaseStorage */; };
/* End PBXBuildFile section */

/* Begin PBXContainerItemProxy section */
		5B21F8E22E5BC4BF00CA2175 /* PBXContainerItemProxy */ = {
			isa = PBXContainerItemProxy;
			containerPortal = 5B21F8CC2E5BC4BC00CA2175 /* Project object */;
			proxyType = 1;
			remoteGlobalIDString = 5B21F8D32E5BC4BC00CA2175;
			remoteInfo = Recipedia;
		};
		5B21F8EC2E5BC4BF00CA2175 /* PBXContainerItemProxy */ = {
			isa = PBXContainerItemProxy;
			containerPortal = 5B21F8CC2E5BC4BC00CA2175 /* Project object */;
			proxyType = 1;
			remoteGlobalIDString = 5B21F8D32E5BC4BC00CA2175;
			remoteInfo = Recipedia;
		};
/* End PBXContainerItemProxy section */

/* Begin PBXFileReference section */
		5B21F8D42E5BC4BC00CA2175 /* Recipedia.app */ = {isa = PBXFileReference; explicitFileType = wrapper.application; includeInIndex = 0; path = Recipedia.app; sourceTree = BUILT_PRODUCTS_DIR; };
		5B21F8E12E5BC4BF00CA2175 /* RecipediaTests.xctest */ = {isa = PBXFileReference; explicitFileType = wrapper.cfbundle; includeInIndex = 0; path = RecipediaTests.xctest; sourceTree = BUILT_PRODUCTS_DIR; };
		5B21F8EB2E5BC4BF00CA2175 /* RecipediaUITests.xctest */ = {isa = PBXFileReference; explicitFileType = wrapper.cfbundle; includeInIndex = 0; path = RecipediaUITests.xctest; sourceTree = BUILT_PRODUCTS_DIR; };
/* End PBXFileReference section */

/* Begin PBXFileSystemSynchronizedRootGroup section */
		5B21F8D62E5BC4BC00CA2175 /* Recipedia */ = {
			isa = PBXFileSystemSynchronizedRootGroup;
			path = Recipedia;
			sourceTree = "<group>";
		};
		5B21F8E42E5BC4BF00CA2175 /* RecipediaTests */ = {
			isa = PBXFileSystemSynchronizedRootGroup;
			path = RecipediaTests;
			sourceTree = "<group>";
		};
		5B21F8EE2E5BC4BF00CA2175 /* RecipediaUITests */ = {
			isa = PBXFileSystemSynchronizedRootGroup;
			path = RecipediaUITests;
			sourceTree = "<group>";
		};
/* End PBXFileSystemSynchronizedRootGroup section */

/* Begin PBXFrameworksBuildPhase section */
		5B21F8D12E5BC4BC00CA2175 /* Frameworks */ = {
			isa = PBXFrameworksBuildPhase;
			buildActionMask = 2147483647;
			files = (
				5B21F9122E5C5EFC00CA2175 /* FirebaseAnalytics in Frameworks */,
				5B21F9412E5F0A0E00CA2175 /* FirebaseStorage in Frameworks */,
				5B21F9142E5C5EFC00CA2175 /* FirebaseAuth in Frameworks */,
				5B21F9162E5C5EFC00CA2175 /* FirebaseFirestore in Frameworks */,
			);
			runOnlyForDeploymentPostprocessing = 0;
		};
		5B21F8DE2E5BC4BF00CA2175 /* Frameworks */ = {
			isa = PBXFrameworksBuildPhase;
			buildActionMask = 2147483647;
			files = (
			);
			runOnlyForDeploymentPostprocessing = 0;
		};
		5B21F8E82E5BC4BF00CA2175 /* Frameworks */ = {
			isa = PBXFrameworksBuildPhase;
			buildActionMask = 2147483647;
			files = (
			);
			runOnlyForDeploymentPostprocessing = 0;
		};
/* End PBXFrameworksBuildPhase section */

/* Begin PBXGroup section */
		5B21F8CB2E5BC4BC00CA2175 = {
			isa = PBXGroup;
			children = (
				5B21F8D62E5BC4BC00CA2175 /* Recipedia */,
				5B21F8E42E5BC4BF00CA2175 /* RecipediaTests */,
				5B21F8EE2E5BC4BF00CA2175 /* RecipediaUITests */,
				5B21F93F2E5F0A0E00CA2175 /* Frameworks */,
				5B21F8D52E5BC4BC00CA2175 /* Products */,
			);
			sourceTree = "<group>";
		};
		5B21F8D52E5BC4BC00CA2175 /* Products */ = {
			isa = PBXGroup;
			children = (
				5B21F8D42E5BC4BC00CA2175 /* Recipedia.app */,
				5B21F8E12E5BC4BF00CA2175 /* RecipediaTests.xctest */,
				5B21F8EB2E5BC4BF00CA2175 /* RecipediaUITests.xctest */,
			);
			name = Products;
			sourceTree = "<group>";
		};
		5B21F93F2E5F0A0E00CA2175 /* Frameworks */ = {
			isa = PBXGroup;
			children = (
			);
			name = Frameworks;
			sourceTree = "<group>";
		};
/* End PBXGroup section */

/* Begin PBXNativeTarget section */
		5B21F8D32E5BC4BC00CA2175 /* Recipedia */ = {
			isa = PBXNativeTarget;
			buildConfigurationList = 5B21F8F52E5BC4BF00CA2175 /* Build configuration list for PBXNativeTarget "Recipedia" */;
			buildPhases = (
				5B21F8D02E5BC4BC00CA2175 /* Sources */,
				5B21F8D12E5BC4BC00CA2175 /* Frameworks */,
				5B21F8D22E5BC4BC00CA2175 /* Resources */,
			);
			buildRules = (
			);
			dependencies = (
			);
			fileSystemSynchronizedGroups = (
				5B21F8D62E5BC4BC00CA2175 /* Recipedia */,
			);
			name = Recipedia;
			packageProductDependencies = (
				5B21F9112E5C5EFC00CA2175 /* FirebaseAnalytics */,
				5B21F9132E5C5EFC00CA2175 /* FirebaseAuth */,
				5B21F9152E5C5EFC00CA2175 /* FirebaseFirestore */,
				5B21F9402E5F0A0E00CA2175 /* FirebaseStorage */,
			);
			productName = Recipedia;
			productReference = 5B21F8D42E5BC4BC00CA2175 /* Recipedia.app */;
			productType = "com.apple.product-type.application";
		};
		5B21F8E02E5BC4BF00CA2175 /* RecipediaTests */ = {
			isa = PBXNativeTarget;
			buildConfigurationList = 5B21F8F82E5BC4BF00CA2175 /* Build configuration list for PBXNativeTarget "RecipediaTests" */;
			buildPhases = (
				5B21F8DD2E5BC4BF00CA2175 /* Sources */,
				5B21F8DE2E5BC4BF00CA2175 /* Frameworks */,
				5B21F8DF2E5BC4BF00CA2175 /* Resources */,
			);
			buildRules = (
			);
			dependencies = (
				5B21F8E32E5BC4BF00CA2175 /* PBXTargetDependency */,
			);
			fileSystemSynchronizedGroups = (
				5B21F8E42E5BC4BF00CA2175 /* RecipediaTests */,
			);
			name = RecipediaTests;
			packageProductDependencies = (
			);
			productName = RecipediaTests;
			productReference = 5B21F8E12E5BC4BF00CA2175 /* RecipediaTests.xctest */;
			productType = "com.apple.product-type.bundle.unit-test";
		};
		5B21F8EA2E5BC4BF00CA2175 /* RecipediaUITests */ = {
			isa = PBXNativeTarget;
			buildConfigurationList = 5B21F8FB2E5BC4BF00CA2175 /* Build configuration list for PBXNativeTarget "RecipediaUITests" */;
			buildPhases = (
				5B21F8E72E5BC4BF00CA2175 /* Sources */,
				5B21F8E82E5BC4BF00CA2175 /* Frameworks */,
				5B21F8E92E5BC4BF00CA2175 /* Resources */,
			);
			buildRules = (
			);
			dependencies = (
				5B21F8ED2E5BC4BF00CA2175 /* PBXTargetDependency */,
			);
			fileSystemSynchronizedGroups = (
				5B21F8EE2E5BC4BF00CA2175 /* RecipediaUITests */,
			);
			name = RecipediaUITests;
			packageProductDependencies = (
			);
			productName = RecipediaUITests;
			productReference = 5B21F8EB2E5BC4BF00CA2175 /* RecipediaUITests.xctest */;
			productType = "com.apple.product-type.bundle.ui-testing";
		};
/* End PBXNativeTarget section */

/* Begin PBXProject section */
		5B21F8CC2E5BC4BC00CA2175 /* Project object */ = {
			isa = PBXProject;
			attributes = {
				BuildIndependentTargetsInParallel = 1;
				LastSwiftUpdateCheck = 1640;
				LastUpgradeCheck = 1640;
				TargetAttributes = {
					5B21F8D32E5BC4BC00CA2175 = {
						CreatedOnToolsVersion = 16.4;
					};
					5B21F8E02E5BC4BF00CA2175 = {
						CreatedOnToolsVersion = 16.4;
						TestTargetID = 5B21F8D32E5BC4BC00CA2175;
					};
					5B21F8EA2E5BC4BF00CA2175 = {
						CreatedOnToolsVersion = 16.4;
						TestTargetID = 5B21F8D32E5BC4BC00CA2175;
					};
				};
			};
			buildConfigurationList = 5B21F8CF2E5BC4BC00CA2175 /* Build configuration list for PBXProject "Recipedia" */;
			developmentRegion = en;
			hasScannedForEncodings = 0;
			knownRegions = (
				en,
				Base,
			);
			mainGroup = 5B21F8CB2E5BC4BC00CA2175;
			minimizedProjectReferenceProxies = 1;
			packageReferences = (
				5B21F9102E5C5EFC00CA2175 /* XCRemoteSwiftPackageReference "firebase-ios-sdk" */,
			);
			preferredProjectObjectVersion = 77;
			productRefGroup = 5B21F8D52E5BC4BC00CA2175 /* Products */;
			projectDirPath = "";
			projectRoot = "";
			targets = (
				5B21F8D32E5BC4BC00CA2175 /* Recipedia */,
				5B21F8E02E5BC4BF00CA2175 /* RecipediaTests */,
				5B21F8EA2E5BC4BF00CA2175 /* RecipediaUITests */,
			);
		};
/* End PBXProject section */

/* Begin PBXResourcesBuildPhase section */
		5B21F8D22E5BC4BC00CA2175 /* Resources */ = {
			isa = PBXResourcesBuildPhase;
			buildActionMask = 2147483647;
			files = (
			);
			runOnlyForDeploymentPostprocessing = 0;
		};
		5B21F8DF2E5BC4BF00CA2175 /* Resources */ = {
			isa = PBXResourcesBuildPhase;
			buildActionMask = 2147483647;
			files = (
			);
			runOnlyForDeploymentPostprocessing = 0;
		};
		5B21F8E92E5BC4BF00CA2175 /* Resources */ = {
			isa = PBXResourcesBuildPhase;
			buildActionMask = 2147483647;
			files = (
			);
			runOnlyForDeploymentPostprocessing = 0;
		};
/* End PBXResourcesBuildPhase section */

/* Begin PBXSourcesBuildPhase section */
		5B21F8D02E5BC4BC00CA2175 /* Sources */ = {
			isa = PBXSourcesBuildPhase;
			buildActionMask = 2147483647;
			files = (
			);
			runOnlyForDeploymentPostprocessing = 0;
		};
		5B21F8DD2E5BC4BF00CA2175 /* Sources */ = {
			isa = PBXSourcesBuildPhase;
			buildActionMask = 2147483647;
			files = (
			);
			runOnlyForDeploymentPostprocessing = 0;
		};
		5B21F8E72E5BC4BF00CA2175 /* Sources */ = {
			isa = PBXSourcesBuildPhase;
			buildActionMask = 2147483647;
			files = (
			);
			runOnlyForDeploymentPostprocessing = 0;
		};
/* End PBXSourcesBuildPhase section */

/* Begin PBXTargetDependency section */
		5B21F8E32E5BC4BF00CA2175 /* PBXTargetDependency */ = {
			isa = PBXTargetDependency;
			target = 5B21F8D32E5BC4BC00CA2175 /* Recipedia */;
			targetProxy = 5B21F8E22E5BC4BF00CA2175 /* PBXContainerItemProxy */;
		};
		5B21F8ED2E5BC4BF00CA2175 /* PBXTargetDependency */ = {
			isa = PBXTargetDependency;
			target = 5B21F8D32E5BC4BC00CA2175 /* Recipedia */;
			targetProxy = 5B21F8EC2E5BC4BF00CA2175 /* PBXContainerItemProxy */;
		};
/* End PBXTargetDependency section */

/* Begin XCBuildConfiguration section */
		5B21F8F32E5BC4BF00CA2175 /* Debug */ = {
			isa = XCBuildConfiguration;
			buildSettings = {
				ALWAYS_SEARCH_USER_PATHS = NO;
				ASSETCATALOG_COMPILER_GENERATE_SWIFT_ASSET_SYMBOL_EXTENSIONS = YES;
				CLANG_ANALYZER_NONNULL = YES;
				CLANG_ANALYZER_NUMBER_OBJECT_CONVERSION = YES_AGGRESSIVE;
				CLANG_CXX_LANGUAGE_STANDARD = "gnu++20";
				CLANG_ENABLE_MODULES = YES;
				CLANG_ENABLE_OBJC_ARC = YES;
				CLANG_ENABLE_OBJC_WEAK = YES;
				CLANG_WARN_BLOCK_CAPTURE_AUTORELEASING = YES;
				CLANG_WARN_BOOL_CONVERSION = YES;
				CLANG_WARN_COMMA = YES;
				CLANG_WARN_CONSTANT_CONVERSION = YES;
				CLANG_WARN_DEPRECATED_OBJC_IMPLEMENTATIONS = YES;
				CLANG_WARN_DIRECT_OBJC_ISA_USAGE = YES_ERROR;
				CLANG_WARN_DOCUMENTATION_COMMENTS = YES;
				CLANG_WARN_EMPTY_BODY = YES;
				CLANG_WARN_ENUM_CONVERSION = YES;
				CLANG_WARN_INFINITE_RECURSION = YES;
				CLANG_WARN_INT_CONVERSION = YES;
				CLANG_WARN_NON_LITERAL_NULL_CONVERSION = YES;
				CLANG_WARN_OBJC_IMPLICIT_RETAIN_SELF = YES;
				CLANG_WARN_OBJC_LITERAL_CONVERSION = YES;
				CLANG_WARN_OBJC_ROOT_CLASS = YES_ERROR;
				CLANG_WARN_QUOTED_INCLUDE_IN_FRAMEWORK_HEADER = YES;
				CLANG_WARN_RANGE_LOOP_ANALYSIS = YES;
				CLANG_WARN_STRICT_PROTOTYPES = YES;
				CLANG_WARN_SUSPICIOUS_MOVE = YES;
				CLANG_WARN_UNGUARDED_AVAILABILITY = YES_AGGRESSIVE;
				CLANG_WARN_UNREACHABLE_CODE = YES;
				CLANG_WARN__DUPLICATE_METHOD_MATCH = YES;
				COPY_PHASE_STRIP = NO;
				DEBUG_INFORMATION_FORMAT = dwarf;
				DEVELOPMENT_TEAM = 87M64H4SWC;
				ENABLE_STRICT_OBJC_MSGSEND = YES;
				ENABLE_TESTABILITY = YES;
				ENABLE_USER_SCRIPT_SANDBOXING = YES;
				GCC_C_LANGUAGE_STANDARD = gnu17;
				GCC_DYNAMIC_NO_PIC = NO;
				GCC_NO_COMMON_BLOCKS = YES;
				GCC_OPTIMIZATION_LEVEL = 0;
				GCC_PREPROCESSOR_DEFINITIONS = (
					"DEBUG=1",
					"$(inherited)",
				);
				GCC_WARN_64_TO_32_BIT_CONVERSION = YES;
				GCC_WARN_ABOUT_RETURN_TYPE = YES_ERROR;
				GCC_WARN_UNDECLARED_SELECTOR = YES;
				GCC_WARN_UNINITIALIZED_AUTOS = YES_AGGRESSIVE;
				GCC_WARN_UNUSED_FUNCTION = YES;
				GCC_WARN_UNUSED_VARIABLE = YES;
				IPHONEOS_DEPLOYMENT_TARGET = 18.5;
				LOCALIZATION_PREFERS_STRING_CATALOGS = YES;
				MTL_ENABLE_DEBUG_INFO = INCLUDE_SOURCE;
				MTL_FAST_MATH = YES;
				ONLY_ACTIVE_ARCH = YES;
				SDKROOT = iphoneos;
				SWIFT_ACTIVE_COMPILATION_CONDITIONS = "DEBUG $(inherited)";
				SWIFT_OPTIMIZATION_LEVEL = "-Onone";
			};
			name = Debug;
		};
		5B21F8F42E5BC4BF00CA2175 /* Release */ = {
			isa = XCBuildConfiguration;
			buildSettings = {
				ALWAYS_SEARCH_USER_PATHS = NO;
				ASSETCATALOG_COMPILER_GENERATE_SWIFT_ASSET_SYMBOL_EXTENSIONS = YES;
				CLANG_ANALYZER_NONNULL = YES;
				CLANG_ANALYZER_NUMBER_OBJECT_CONVERSION = YES_AGGRESSIVE;
				CLANG_CXX_LANGUAGE_STANDARD = "gnu++20";
				CLANG_ENABLE_MODULES = YES;
				CLANG_ENABLE_OBJC_ARC = YES;
				CLANG_ENABLE_OBJC_WEAK = YES;
				CLANG_WARN_BLOCK_CAPTURE_AUTORELEASING = YES;
				CLANG_WARN_BOOL_CONVERSION = YES;
				CLANG_WARN_COMMA = YES;
				CLANG_WARN_CONSTANT_CONVERSION = YES;
				CLANG_WARN_DEPRECATED_OBJC_IMPLEMENTATIONS = YES;
				CLANG_WARN_DIRECT_OBJC_ISA_USAGE = YES_ERROR;
				CLANG_WARN_DOCUMENTATION_COMMENTS = YES;
				CLANG_WARN_EMPTY_BODY = YES;
				CLANG_WARN_ENUM_CONVERSION = YES;
				CLANG_WARN_INFINITE_RECURSION = YES;
				CLANG_WARN_INT_CONVERSION = YES;
				CLANG_WARN_NON_LITERAL_NULL_CONVERSION = YES;
				CLANG_WARN_OBJC_IMPLICIT_RETAIN_SELF = YES;
				CLANG_WARN_OBJC_LITERAL_CONVERSION = YES;
				CLANG_WARN_OBJC_ROOT_CLASS = YES_ERROR;
				CLANG_WARN_QUOTED_INCLUDE_IN_FRAMEWORK_HEADER = YES;
				CLANG_WARN_RANGE_LOOP_ANALYSIS = YES;
				CLANG_WARN_STRICT_PROTOTYPES = YES;
				CLANG_WARN_SUSPICIOUS_MOVE = YES;
				CLANG_WARN_UNGUARDED_AVAILABILITY = YES_AGGRESSIVE;
				CLANG_WARN_UNREACHABLE_CODE = YES;
				CLANG_WARN__DUPLICATE_METHOD_MATCH = YES;
				COPY_PHASE_STRIP = NO;
				DEBUG_INFORMATION_FORMAT = "dwarf-with-dsym";
				DEVELOPMENT_TEAM = 87M64H4SWC;
				ENABLE_NS_ASSERTIONS = NO;
				ENABLE_STRICT_OBJC_MSGSEND = YES;
				ENABLE_USER_SCRIPT_SANDBOXING = YES;
				GCC_C_LANGUAGE_STANDARD = gnu17;
				GCC_NO_COMMON_BLOCKS = YES;
				GCC_WARN_64_TO_32_BIT_CONVERSION = YES;
				GCC_WARN_ABOUT_RETURN_TYPE = YES_ERROR;
				GCC_WARN_UNDECLARED_SELECTOR = YES;
				GCC_WARN_UNINITIALIZED_AUTOS = YES_AGGRESSIVE;
				GCC_WARN_UNUSED_FUNCTION = YES;
				GCC_WARN_UNUSED_VARIABLE = YES;
				IPHONEOS_DEPLOYMENT_TARGET = 18.5;
				LOCALIZATION_PREFERS_STRING_CATALOGS = YES;
				MTL_ENABLE_DEBUG_INFO = NO;
				MTL_FAST_MATH = YES;
				SDKROOT = iphoneos;
				SWIFT_COMPILATION_MODE = wholemodule;
				VALIDATE_PRODUCT = YES;
			};
			name = Release;
		};
		5B21F8F62E5BC4BF00CA2175 /* Debug */ = {
			isa = XCBuildConfiguration;
			buildSettings = {
				ASSETCATALOG_COMPILER_APPICON_NAME = AppIcon;
				ASSETCATALOG_COMPILER_GLOBAL_ACCENT_COLOR_NAME = AccentColor;
				CODE_SIGN_STYLE = Automatic;
				CURRENT_PROJECT_VERSION = 1;
				DEVELOPMENT_TEAM = 87M64H4SWC;
				ENABLE_PREVIEWS = YES;
				GENERATE_INFOPLIST_FILE = YES;
				INFOPLIST_KEY_UIApplicationSceneManifest_Generation = YES;
				INFOPLIST_KEY_UIApplicationSupportsIndirectInputEvents = YES;
				INFOPLIST_KEY_UILaunchScreen_Generation = YES;
				INFOPLIST_KEY_UISupportedInterfaceOrientations_iPad = "UIInterfaceOrientationPortrait UIInterfaceOrientationPortraitUpsideDown UIInterfaceOrientationLandscapeLeft UIInterfaceOrientationLandscapeRight";
				INFOPLIST_KEY_UISupportedInterfaceOrientations_iPhone = "UIInterfaceOrientationPortrait UIInterfaceOrientationLandscapeLeft UIInterfaceOrientationLandscapeRight";
				LD_RUNPATH_SEARCH_PATHS = (
					"$(inherited)",
					"@executable_path/Frameworks",
				);
				MARKETING_VERSION = 1.0;
				PRODUCT_BUNDLE_IDENTIFIER = pabgarcialopez.Recipedia;
				PRODUCT_NAME = "$(TARGET_NAME)";
				SWIFT_EMIT_LOC_STRINGS = YES;
				SWIFT_VERSION = 5.0;
				TARGETED_DEVICE_FAMILY = "1,2";
			};
			name = Debug;
		};
		5B21F8F72E5BC4BF00CA2175 /* Release */ = {
			isa = XCBuildConfiguration;
			buildSettings = {
				ASSETCATALOG_COMPILER_APPICON_NAME = AppIcon;
				ASSETCATALOG_COMPILER_GLOBAL_ACCENT_COLOR_NAME = AccentColor;
				CODE_SIGN_STYLE = Automatic;
				CURRENT_PROJECT_VERSION = 1;
				DEVELOPMENT_TEAM = 87M64H4SWC;
				ENABLE_PREVIEWS = YES;
				GENERATE_INFOPLIST_FILE = YES;
				INFOPLIST_KEY_UIApplicationSceneManifest_Generation = YES;
				INFOPLIST_KEY_UIApplicationSupportsIndirectInputEvents = YES;
				INFOPLIST_KEY_UILaunchScreen_Generation = YES;
				INFOPLIST_KEY_UISupportedInterfaceOrientations_iPad = "UIInterfaceOrientationPortrait UIInterfaceOrientationPortraitUpsideDown UIInterfaceOrientationLandscapeLeft UIInterfaceOrientationLandscapeRight";
				INFOPLIST_KEY_UISupportedInterfaceOrientations_iPhone = "UIInterfaceOrientationPortrait UIInterfaceOrientationLandscapeLeft UIInterfaceOrientationLandscapeRight";
				LD_RUNPATH_SEARCH_PATHS = (
					"$(inherited)",
					"@executable_path/Frameworks",
				);
				MARKETING_VERSION = 1.0;
				PRODUCT_BUNDLE_IDENTIFIER = pabgarcialopez.Recipedia;
				PRODUCT_NAME = "$(TARGET_NAME)";
				SWIFT_EMIT_LOC_STRINGS = YES;
				SWIFT_VERSION = 5.0;
				TARGETED_DEVICE_FAMILY = "1,2";
			};
			name = Release;
		};
		5B21F8F92E5BC4BF00CA2175 /* Debug */ = {
			isa = XCBuildConfiguration;
			buildSettings = {
				BUNDLE_LOADER = "$(TEST_HOST)";
				CODE_SIGN_STYLE = Automatic;
				CURRENT_PROJECT_VERSION = 1;
				DEVELOPMENT_TEAM = 87M64H4SWC;
				GENERATE_INFOPLIST_FILE = YES;
				IPHONEOS_DEPLOYMENT_TARGET = 18.5;
				MARKETING_VERSION = 1.0;
				PRODUCT_BUNDLE_IDENTIFIER = pabgarcialopez.RecipediaTests;
				PRODUCT_NAME = "$(TARGET_NAME)";
				SWIFT_EMIT_LOC_STRINGS = NO;
				SWIFT_VERSION = 5.0;
				TARGETED_DEVICE_FAMILY = "1,2";
				TEST_HOST = "$(BUILT_PRODUCTS_DIR)/Recipedia.app/$(BUNDLE_EXECUTABLE_FOLDER_PATH)/Recipedia";
			};
			name = Debug;
		};
		5B21F8FA2E5BC4BF00CA2175 /* Release */ = {
			isa = XCBuildConfiguration;
			buildSettings = {
				BUNDLE_LOADER = "$(TEST_HOST)";
				CODE_SIGN_STYLE = Automatic;
				CURRENT_PROJECT_VERSION = 1;
				DEVELOPMENT_TEAM = 87M64H4SWC;
				GENERATE_INFOPLIST_FILE = YES;
				IPHONEOS_DEPLOYMENT_TARGET = 18.5;
				MARKETING_VERSION = 1.0;
				PRODUCT_BUNDLE_IDENTIFIER = pabgarcialopez.RecipediaTests;
				PRODUCT_NAME = "$(TARGET_NAME)";
				SWIFT_EMIT_LOC_STRINGS = NO;
				SWIFT_VERSION = 5.0;
				TARGETED_DEVICE_FAMILY = "1,2";
				TEST_HOST = "$(BUILT_PRODUCTS_DIR)/Recipedia.app/$(BUNDLE_EXECUTABLE_FOLDER_PATH)/Recipedia";
			};
			name = Release;
		};
		5B21F8FC2E5BC4BF00CA2175 /* Debug */ = {
			isa = XCBuildConfiguration;
			buildSettings = {
				CODE_SIGN_STYLE = Automatic;
				CURRENT_PROJECT_VERSION = 1;
				DEVELOPMENT_TEAM = 87M64H4SWC;
				GENERATE_INFOPLIST_FILE = YES;
				MARKETING_VERSION = 1.0;
				PRODUCT_BUNDLE_IDENTIFIER = pabgarcialopez.RecipediaUITests;
				PRODUCT_NAME = "$(TARGET_NAME)";
				SWIFT_EMIT_LOC_STRINGS = NO;
				SWIFT_VERSION = 5.0;
				TARGETED_DEVICE_FAMILY = "1,2";
				TEST_TARGET_NAME = Recipedia;
			};
			name = Debug;
		};
		5B21F8FD2E5BC4BF00CA2175 /* Release */ = {
			isa = XCBuildConfiguration;
			buildSettings = {
				CODE_SIGN_STYLE = Automatic;
				CURRENT_PROJECT_VERSION = 1;
				DEVELOPMENT_TEAM = 87M64H4SWC;
				GENERATE_INFOPLIST_FILE = YES;
				MARKETING_VERSION = 1.0;
				PRODUCT_BUNDLE_IDENTIFIER = pabgarcialopez.RecipediaUITests;
				PRODUCT_NAME = "$(TARGET_NAME)";
				SWIFT_EMIT_LOC_STRINGS = NO;
				SWIFT_VERSION = 5.0;
				TARGETED_DEVICE_FAMILY = "1,2";
				TEST_TARGET_NAME = Recipedia;
			};
			name = Release;
		};
/* End XCBuildConfiguration section */

/* Begin XCConfigurationList section */
		5B21F8CF2E5BC4BC00CA2175 /* Build configuration list for PBXProject "Recipedia" */ = {
			isa = XCConfigurationList;
			buildConfigurations = (
				5B21F8F32E5BC4BF00CA2175 /* Debug */,
				5B21F8F42E5BC4BF00CA2175 /* Release */,
			);
			defaultConfigurationIsVisible = 0;
			defaultConfigurationName = Release;
		};
		5B21F8F52E5BC4BF00CA2175 /* Build configuration list for PBXNativeTarget "Recipedia" */ = {
			isa = XCConfigurationList;
			buildConfigurations = (
				5B21F8F62E5BC4BF00CA2175 /* Debug */,
				5B21F8F72E5BC4BF00CA2175 /* Release */,
			);
			defaultConfigurationIsVisible = 0;
			defaultConfigurationName = Release;
		};
		5B21F8F82E5BC4BF00CA2175 /* Build configuration list for PBXNativeTarget "RecipediaTests" */ = {
			isa = XCConfigurationList;
			buildConfigurations = (
				5B21F8F92E5BC4BF00CA2175 /* Debug */,
				5B21F8FA2E5BC4BF00CA2175 /* Release */,
			);
			defaultConfigurationIsVisible = 0;
			defaultConfigurationName = Release;
		};
		5B21F8FB2E5BC4BF00CA2175 /* Build configuration list for PBXNativeTarget "RecipediaUITests" */ = {
			isa = XCConfigurationList;
			buildConfigurations = (
				5B21F8FC2E5BC4BF00CA2175 /* Debug */,
				5B21F8FD2E5BC4BF00CA2175 /* Release */,
			);
			defaultConfigurationIsVisible = 0;
			defaultConfigurationName = Release;
		};
/* End XCConfigurationList section */

/* Begin XCRemoteSwiftPackageReference section */
		5B21F9102E5C5EFC00CA2175 /* XCRemoteSwiftPackageReference "firebase-ios-sdk" */ = {
			isa = XCRemoteSwiftPackageReference;
			repositoryURL = "https://github.com/firebase/firebase-ios-sdk";
			requirement = {
				kind = upToNextMajorVersion;
				minimumVersion = 12.1.0;
			};
		};
/* End XCRemoteSwiftPackageReference section */

/* Begin XCSwiftPackageProductDependency section */
		5B21F9112E5C5EFC00CA2175 /* FirebaseAnalytics */ = {
			isa = XCSwiftPackageProductDependency;
			package = 5B21F9102E5C5EFC00CA2175 /* XCRemoteSwiftPackageReference "firebase-ios-sdk" */;
			productName = FirebaseAnalytics;
		};
		5B21F9132E5C5EFC00CA2175 /* FirebaseAuth */ = {
			isa = XCSwiftPackageProductDependency;
			package = 5B21F9102E5C5EFC00CA2175 /* XCRemoteSwiftPackageReference "firebase-ios-sdk" */;
			productName = FirebaseAuth;
		};
		5B21F9152E5C5EFC00CA2175 /* FirebaseFirestore */ = {
			isa = XCSwiftPackageProductDependency;
			package = 5B21F9102E5C5EFC00CA2175 /* XCRemoteSwiftPackageReference "firebase-ios-sdk" */;
			productName = FirebaseFirestore;
		};
		5B21F9402E5F0A0E00CA2175 /* FirebaseStorage */ = {
			isa = XCSwiftPackageProductDependency;
			package = 5B21F9102E5C5EFC00CA2175 /* XCRemoteSwiftPackageReference "firebase-ios-sdk" */;
			productName = FirebaseStorage;
		};
/* End XCSwiftPackageProductDependency section */
	};
	rootObject = 5B21F8CC2E5BC4BC00CA2175 /* Project object */;
}
